
Microsoft Visual Studio Solution File, Format Version 12.00
# Visual Studio Version 17
VisualStudioVersion = 17.9.34728.123
MinimumVisualStudioVersion = 10.0.40219.1
Project("{FAE04EC0-301F-11D3-BF4B-00C04F79EFBC}") = "5by5-matriz", "5by5-matriz\5by5-matriz.csproj", "{F20BEA81-1416-480F-BB74-35816A0BAD7C}"
EndProject
Global
	GlobalSection(SolutionConfigurationPlatforms) = preSolution
		Debug|Any CPU = Debug|Any CPU
		Release|Any CPU = Release|Any CPU
	EndGlobalSection
	GlobalSection(ProjectConfigurationPlatforms) = postSolution
		{F20BEA81-1416-480F-BB74-35816A0BAD7C}.Debug|Any CPU.ActiveCfg = Debug|Any CPU
		{F20BEA81-1416-480F-BB74-35816A0BAD7C}.Debug|Any CPU.Build.0 = Debug|Any CPU
		{F20BEA81-1416-480F-BB74-35816A0BAD7C}.Release|Any CPU.ActiveCfg = Release|Any CPU
		{F20BEA81-1416-480F-BB74-35816A0BAD7C}.Release|Any CPU.Build.0 = Release|Any CPU
	EndGlobalSection
	GlobalSection(SolutionProperties) = preSolution
		HideSolutionNode = FALSE
	EndGlobalSection
	GlobalSection(ExtensibilityGlobals) = postSolution
		SolutionGuid = {6D642032-DAD2-4B93-B221-4EE461625A02}
	EndGlobalSection
EndGlobal
